
Microsoft Visual Studio Solution File, Format Version 12.00
# Visual Studio Version 17
VisualStudioVersion = 17.7.34009.444
MinimumVisualStudioVersion = 10.0.40219.1
Project("{FAE04EC0-301F-11D3-BF4B-00C04F79EFBC}") = "DevExGridEnhancer", "DevExGridEnhancer.csproj", "{896D33BC-8EB5-4FDA-801B-551087CA28DA}"
EndProject
Global
	GlobalSection(SolutionConfigurationPlatforms) = preSolution
		Debug|Any CPU = Debug|Any CPU
		Release|Any CPU = Release|Any CPU
	EndGlobalSection
	GlobalSection(ProjectConfigurationPlatforms) = postSolution
		{896D33BC-8EB5-4FDA-801B-551087CA28DA}.Debug|Any CPU.ActiveCfg = Debug|Any CPU
		{896D33BC-8EB5-4FDA-801B-551087CA28DA}.Debug|Any CPU.Build.0 = Debug|Any CPU
		{896D33BC-8EB5-4FDA-801B-551087CA28DA}.Release|Any CPU.ActiveCfg = Release|Any CPU
		{896D33BC-8EB5-4FDA-801B-551087CA28DA}.Release|Any CPU.Build.0 = Release|Any CPU
	EndGlobalSection
	GlobalSection(SolutionProperties) = preSolution
		HideSolutionNode = FALSE
	EndGlobalSection
	GlobalSection(ExtensibilityGlobals) = postSolution
		SolutionGuid = {A8EFABDE-BBA4-48BF-AA66-28DF975D233A}
	EndGlobalSection
EndGlobal
